// !$*UTF8*$!
{
	archiveVersion = 1;
	classes = {
	};
	objectVersion = 48;
	objects = {

/* Begin PBXBuildFile section */
		D7F179C51FDF881900402EDD /* AppDelegate.swift in Sources */ = {isa = PBXBuildFile; fileRef = D7F179C41FDF881900402EDD /* AppDelegate.swift */; };
		D7F179C71FDF881900402EDD /* ViewController.swift in Sources */ = {isa = PBXBuildFile; fileRef = D7F179C61FDF881900402EDD /* ViewController.swift */; };
		D7F179CA1FDF881900402EDD /* Main.storyboard in Resources */ = {isa = PBXBuildFile; fileRef = D7F179C81FDF881900402EDD /* Main.storyboard */; };
		D7F179CC1FDF881900402EDD /* Assets.xcassets in Resources */ = {isa = PBXBuildFile; fileRef = D7F179CB1FDF881900402EDD /* Assets.xcassets */; };
		D7F179CF1FDF881900402EDD /* LaunchScreen.storyboard in Resources */ = {isa = PBXBuildFile; fileRef = D7F179CD1FDF881900402EDD /* LaunchScreen.storyboard */; };
		D7F179D71FDFBA3200402EDD /* XPAlbumsListViewController.swift in Sources */ = {isa = PBXBuildFile; fileRef = D7F179D61FDFBA3200402EDD /* XPAlbumsListViewController.swift */; };
		D7F179DD1FDFC87F00402EDD /* XPhotoPickerViewController.swift in Sources */ = {isa = PBXBuildFile; fileRef = D7F179DC1FDFC87F00402EDD /* XPhotoPickerViewController.swift */; };
		D7F179E11FDFCE1900402EDD /* XPhotoPickerManager.swift in Sources */ = {isa = PBXBuildFile; fileRef = D7F179E01FDFCE1900402EDD /* XPhotoPickerManager.swift */; };
		D7F179E41FDFD96E00402EDD /* XPAlbumsTableViewCell.swift in Sources */ = {isa = PBXBuildFile; fileRef = D7F179E21FDFD96E00402EDD /* XPAlbumsTableViewCell.swift */; };
		D7F179E51FDFD96E00402EDD /* XPAlbumsTableViewCell.xib in Resources */ = {isa = PBXBuildFile; fileRef = D7F179E31FDFD96E00402EDD /* XPAlbumsTableViewCell.xib */; };
/* End PBXBuildFile section */

/* Begin PBXFileReference section */
		D7F179C11FDF881900402EDD /* PhotoKitDemo.app */ = {isa = PBXFileReference; explicitFileType = wrapper.application; includeInIndex = 0; path = PhotoKitDemo.app; sourceTree = BUILT_PRODUCTS_DIR; };
		D7F179C41FDF881900402EDD /* AppDelegate.swift */ = {isa = PBXFileReference; lastKnownFileType = sourcecode.swift; path = AppDelegate.swift; sourceTree = "<group>"; };
		D7F179C61FDF881900402EDD /* ViewController.swift */ = {isa = PBXFileReference; lastKnownFileType = sourcecode.swift; path = ViewController.swift; sourceTree = "<group>"; };
		D7F179C91FDF881900402EDD /* Base */ = {isa = PBXFileReference; lastKnownFileType = file.storyboard; name = Base; path = Base.lproj/Main.storyboard; sourceTree = "<group>"; };
		D7F179CB1FDF881900402EDD /* Assets.xcassets */ = {isa = PBXFileReference; lastKnownFileType = folder.assetcatalog; path = Assets.xcassets; sourceTree = "<group>"; };
		D7F179CE1FDF881900402EDD /* Base */ = {isa = PBXFileReference; lastKnownFileType = file.storyboard; name = Base; path = Base.lproj/LaunchScreen.storyboard; sourceTree = "<group>"; };
		D7F179D01FDF881900402EDD /* Info.plist */ = {isa = PBXFileReference; lastKnownFileType = text.plist.xml; path = Info.plist; sourceTree = "<group>"; };
		D7F179D61FDFBA3200402EDD /* XPAlbumsListViewController.swift */ = {isa = PBXFileReference; lastKnownFileType = sourcecode.swift; path = XPAlbumsListViewController.swift; sourceTree = "<group>"; };
		D7F179DC1FDFC87F00402EDD /* XPhotoPickerViewController.swift */ = {isa = PBXFileReference; lastKnownFileType = sourcecode.swift; path = XPhotoPickerViewController.swift; sourceTree = "<group>"; };
		D7F179E01FDFCE1900402EDD /* XPhotoPickerManager.swift */ = {isa = PBXFileReference; lastKnownFileType = sourcecode.swift; path = XPhotoPickerManager.swift; sourceTree = "<group>"; };
		D7F179E21FDFD96E00402EDD /* XPAlbumsTableViewCell.swift */ = {isa = PBXFileReference; lastKnownFileType = sourcecode.swift; path = XPAlbumsTableViewCell.swift; sourceTree = "<group>"; };
		D7F179E31FDFD96E00402EDD /* XPAlbumsTableViewCell.xib */ = {isa = PBXFileReference; lastKnownFileType = file.xib; path = XPAlbumsTableViewCell.xib; sourceTree = "<group>"; };
/* End PBXFileReference section */

/* Begin PBXFrameworksBuildPhase section */
		D7F179BE1FDF881900402EDD /* Frameworks */ = {
			isa = PBXFrameworksBuildPhase;
			buildActionMask = 2147483647;
			files = (
			);
			runOnlyForDeploymentPostprocessing = 0;
		};
/* End PBXFrameworksBuildPhase section */

/* Begin PBXGroup section */
		D7F179B81FDF881800402EDD = {
			isa = PBXGroup;
			children = (
				D7F179C31FDF881900402EDD /* PhotoKitDemo */,
				D7F179C21FDF881900402EDD /* Products */,
			);
			sourceTree = "<group>";
		};
		D7F179C21FDF881900402EDD /* Products */ = {
			isa = PBXGroup;
			children = (
				D7F179C11FDF881900402EDD /* PhotoKitDemo.app */,
			);
			name = Products;
			sourceTree = "<group>";
		};
		D7F179C31FDF881900402EDD /* PhotoKitDemo */ = {
			isa = PBXGroup;
			children = (
				D7F179C41FDF881900402EDD /* AppDelegate.swift */,
				D7F179C61FDF881900402EDD /* ViewController.swift */,
				D7F179C81FDF881900402EDD /* Main.storyboard */,
				D7F179CB1FDF881900402EDD /* Assets.xcassets */,
				D7F179CD1FDF881900402EDD /* LaunchScreen.storyboard */,
				D7F179D01FDF881900402EDD /* Info.plist */,
				D7F179E01FDFCE1900402EDD /* XPhotoPickerManager.swift */,
				D7F179DC1FDFC87F00402EDD /* XPhotoPickerViewController.swift */,
				D7F179D61FDFBA3200402EDD /* XPAlbumsListViewController.swift */,
				D7F179E21FDFD96E00402EDD /* XPAlbumsTableViewCell.swift */,
				D7F179E31FDFD96E00402EDD /* XPAlbumsTableViewCell.xib */,
			);
			path = PhotoKitDemo;
			sourceTree = "<group>";
		};
/* End PBXGroup section */

/* Begin PBXNativeTarget section */
		D7F179C01FDF881900402EDD /* PhotoKitDemo */ = {
			isa = PBXNativeTarget;
			buildConfigurationList = D7F179D31FDF881900402EDD /* Build configuration list for PBXNativeTarget "PhotoKitDemo" */;
			buildPhases = (
				D7F179BD1FDF881900402EDD /* Sources */,
				D7F179BE1FDF881900402EDD /* Frameworks */,
				D7F179BF1FDF881900402EDD /* Resources */,
			);
			buildRules = (
			);
			dependencies = (
			);
			name = PhotoKitDemo;
			productName = PhotoKitDemo;
			productReference = D7F179C11FDF881900402EDD /* PhotoKitDemo.app */;
			productType = "com.apple.product-type.application";
		};
/* End PBXNativeTarget section */

/* Begin PBXProject section */
		D7F179B91FDF881900402EDD /* Project object */ = {
			isa = PBXProject;
			attributes = {
				LastSwiftUpdateCheck = 0900;
				LastUpgradeCheck = 0900;
				ORGANIZATIONNAME = "iAskDoc Technology";
				TargetAttributes = {
					D7F179C01FDF881900402EDD = {
						CreatedOnToolsVersion = 9.0.1;
						ProvisioningStyle = Manual;
					};
				};
			};
			buildConfigurationList = D7F179BC1FDF881900402EDD /* Build configuration list for PBXProject "PhotoKitDemo" */;
			compatibilityVersion = "Xcode 8.0";
			developmentRegion = en;
			hasScannedForEncodings = 0;
			knownRegions = (
				en,
				Base,
			);
			mainGroup = D7F179B81FDF881800402EDD;
			productRefGroup = D7F179C21FDF881900402EDD /* Products */;
			projectDirPath = "";
			projectRoot = "";
			targets = (
				D7F179C01FDF881900402EDD /* PhotoKitDemo */,
			);
		};
/* End PBXProject section */

/* Begin PBXResourcesBuildPhase section */
		D7F179BF1FDF881900402EDD /* Resources */ = {
			isa = PBXResourcesBuildPhase;
			buildActionMask = 2147483647;
			files = (
				D7F179E51FDFD96E00402EDD /* XPAlbumsTableViewCell.xib in Resources */,
				D7F179CF1FDF881900402EDD /* LaunchScreen.storyboard in Resources */,
				D7F179CC1FDF881900402EDD /* Assets.xcassets in Resources */,
				D7F179CA1FDF881900402EDD /* Main.storyboard in Resources */,
			);
			runOnlyForDeploymentPostprocessing = 0;
		};
/* End PBXResourcesBuildPhase section */

/* Begin PBXSourcesBuildPhase section */
		D7F179BD1FDF881900402EDD /* Sources */ = {
			isa = PBXSourcesBuildPhase;
			buildActionMask = 2147483647;
			files = (
				D7F179C71FDF881900402EDD /* ViewController.swift in Sources */,
				D7F179E41FDFD96E00402EDD /* XPAlbumsTableViewCell.swift in Sources */,
				D7F179E11FDFCE1900402EDD /* XPhotoPickerManager.swift in Sources */,
				D7F179DD1FDFC87F00402EDD /* XPhotoPickerViewController.swift in Sources */,
				D7F179C51FDF881900402EDD /* AppDelegate.swift in Sources */,
				D7F179D71FDFBA3200402EDD /* XPAlbumsListViewController.swift in Sources */,
			);
			runOnlyForDeploymentPostprocessing = 0;
		};
/* End PBXSourcesBuildPhase section */

/* Begin PBXVariantGroup section */
		D7F179C81FDF881900402EDD /* Main.storyboard */ = {
			isa = PBXVariantGroup;
			children = (
				D7F179C91FDF881900402EDD /* Base */,
			);
			name = Main.storyboard;
			sourceTree = "<group>";
		};
		D7F179CD1FDF881900402EDD /* LaunchScreen.storyboard */ = {
			isa = PBXVariantGroup;
			children = (
				D7F179CE1FDF881900402EDD /* Base */,
			);
			name = LaunchScreen.storyboard;
			sourceTree = "<group>";
		};
/* End PBXVariantGroup section */

/* Begin XCBuildConfiguration section */
		D7F179D11FDF881900402EDD /* Debug */ = {
			isa = XCBuildConfiguration;
			buildSettings = {
				ALWAYS_SEARCH_USER_PATHS = NO;
				CLANG_ANALYZER_NONNULL = YES;
				CLANG_ANALYZER_NUMBER_OBJECT_CONVERSION = YES_AGGRESSIVE;
				CLANG_CXX_LANGUAGE_STANDARD = "gnu++14";
				CLANG_CXX_LIBRARY = "libc++";
				CLANG_ENABLE_MODULES = YES;
				CLANG_ENABLE_OBJC_ARC = YES;
				CLANG_WARN_BLOCK_CAPTURE_AUTORELEASING = YES;
				CLANG_WARN_BOOL_CONVERSION = YES;
				CLANG_WARN_COMMA = YES;
				CLANG_WARN_CONSTANT_CONVERSION = YES;
				CLANG_WARN_DIRECT_OBJC_ISA_USAGE = YES_ERROR;
				CLANG_WARN_DOCUMENTATION_COMMENTS = YES;
				CLANG_WARN_EMPTY_BODY = YES;
				CLANG_WARN_ENUM_CONVERSION = YES;
				CLANG_WARN_INFINITE_RECURSION = YES;
				CLANG_WARN_INT_CONVERSION = YES;
				CLANG_WARN_NON_LITERAL_NULL_CONVERSION = YES;
				CLANG_WARN_OBJC_LITERAL_CONVERSION = YES;
				CLANG_WARN_OBJC_ROOT_CLASS = YES_ERROR;
				CLANG_WARN_RANGE_LOOP_ANALYSIS = YES;
				CLANG_WARN_STRICT_PROTOTYPES = YES;
				CLANG_WARN_SUSPICIOUS_MOVE = YES;
				CLANG_WARN_UNGUARDED_AVAILABILITY = YES_AGGRESSIVE;
				CLANG_WARN_UNREACHABLE_CODE = YES;
				CLANG_WARN__DUPLICATE_METHOD_MATCH = YES;
				CODE_SIGN_IDENTITY = "iPhone Developer";
				COPY_PHASE_STRIP = NO;
				DEBUG_INFORMATION_FORMAT = dwarf;
				ENABLE_STRICT_OBJC_MSGSEND = YES;
				ENABLE_TESTABILITY = YES;
				GCC_C_LANGUAGE_STANDARD = gnu11;
				GCC_DYNAMIC_NO_PIC = NO;
				GCC_NO_COMMON_BLOCKS = YES;
				GCC_OPTIMIZATION_LEVEL = 0;
				GCC_PREPROCESSOR_DEFINITIONS = (
					"DEBUG=1",
					"$(inherited)",
				);
				GCC_WARN_64_TO_32_BIT_CONVERSION = YES;
				GCC_WARN_ABOUT_RETURN_TYPE = YES_ERROR;
				GCC_WARN_UNDECLARED_SELECTOR = YES;
				GCC_WARN_UNINITIALIZED_AUTOS = YES_AGGRESSIVE;
				GCC_WARN_UNUSED_FUNCTION = YES;
				GCC_WARN_UNUSED_VARIABLE = YES;
				IPHONEOS_DEPLOYMENT_TARGET = 8.0;
				MTL_ENABLE_DEBUG_INFO = YES;
				ONLY_ACTIVE_ARCH = YES;
				SDKROOT = iphoneos;
				SWIFT_ACTIVE_COMPILATION_CONDITIONS = DEBUG;
				SWIFT_OPTIMIZATION_LEVEL = "-Onone";
			};
			name = Debug;
		};
		D7F179D21FDF881900402EDD /* Release */ = {
			isa = XCBuildConfiguration;
			buildSettings = {
				ALWAYS_SEARCH_USER_PATHS = NO;
				CLANG_ANALYZER_NONNULL = YES;
				CLANG_ANALYZER_NUMBER_OBJECT_CONVERSION = YES_AGGRESSIVE;
				CLANG_CXX_LANGUAGE_STANDARD = "gnu++14";
				CLANG_CXX_LIBRARY = "libc++";
				CLANG_ENABLE_MODULES = YES;
				CLANG_ENABLE_OBJC_ARC = YES;
				CLANG_WARN_BLOCK_CAPTURE_AUTORELEASING = YES;
				CLANG_WARN_BOOL_CONVERSION = YES;
				CLANG_WARN_COMMA = YES;
				CLANG_WARN_CONSTANT_CONVERSION = YES;
				CLANG_WARN_DIRECT_OBJC_ISA_USAGE = YES_ERROR;
				CLANG_WARN_DOCUMENTATION_COMMENTS = YES;
				CLANG_WARN_EMPTY_BODY = YES;
				CLANG_WARN_ENUM_CONVERSION = YES;
				CLANG_WARN_INFINITE_RECURSION = YES;
				CLANG_WARN_INT_CONVERSION = YES;
				CLANG_WARN_NON_LITERAL_NULL_CONVERSION = YES;
				CLANG_WARN_OBJC_LITERAL_CONVERSION = YES;
				CLANG_WARN_OBJC_ROOT_CLASS = YES_ERROR;
				CLANG_WARN_RANGE_LOOP_ANALYSIS = YES;
				CLANG_WARN_STRICT_PROTOTYPES = YES;
				CLANG_WARN_SUSPICIOUS_MOVE = YES;
				CLANG_WARN_UNGUARDED_AVAILABILITY = YES_AGGRESSIVE;
				CLANG_WARN_UNREACHABLE_CODE = YES;
				CLANG_WARN__DUPLICATE_METHOD_MATCH = YES;
				CODE_SIGN_IDENTITY = "iPhone Developer";
				COPY_PHASE_STRIP = NO;
				DEBUG_INFORMATION_FORMAT = "dwarf-with-dsym";
				ENABLE_NS_ASSERTIONS = NO;
				ENABLE_STRICT_OBJC_MSGSEND = YES;
				GCC_C_LANGUAGE_STANDARD = gnu11;
				GCC_NO_COMMON_BLOCKS = YES;
				GCC_WARN_64_TO_32_BIT_CONVERSION = YES;
				GCC_WARN_ABOUT_RETURN_TYPE = YES_ERROR;
				GCC_WARN_UNDECLARED_SELECTOR = YES;
				GCC_WARN_UNINITIALIZED_AUTOS = YES_AGGRESSIVE;
				GCC_WARN_UNUSED_FUNCTION = YES;
				GCC_WARN_UNUSED_VARIABLE = YES;
				IPHONEOS_DEPLOYMENT_TARGET = 8.0;
				MTL_ENABLE_DEBUG_INFO = NO;
				SDKROOT = iphoneos;
				SWIFT_OPTIMIZATION_LEVEL = "-Owholemodule";
				VALIDATE_PRODUCT = YES;
			};
			name = Release;
		};
		D7F179D41FDF881900402EDD /* Debug */ = {
			isa = XCBuildConfiguration;
			buildSettings = {
				ASSETCATALOG_COMPILER_APPICON_NAME = AppIcon;
				CODE_SIGN_STYLE = Manual;
				DEVELOPMENT_TEAM = P68334AC4C;
				INFOPLIST_FILE = PhotoKitDemo/Info.plist;
				LD_RUNPATH_SEARCH_PATHS = "$(inherited) @executable_path/Frameworks";
				PRODUCT_BUNDLE_IDENTIFIER = com.yate.PhotoKitDemo;
				PRODUCT_NAME = "$(TARGET_NAME)";
				PROVISIONING_PROFILE = "9c42b919-8833-4d27-a338-9f4d155559fc";
				PROVISIONING_PROFILE_SPECIFIER = dev_wildcard;
				SWIFT_VERSION = 4.0;
				TARGETED_DEVICE_FAMILY = "1,2";
			};
			name = Debug;
		};
		D7F179D51FDF881900402EDD /* Release */ = {
			isa = XCBuildConfiguration;
			buildSettings = {
				ASSETCATALOG_COMPILER_APPICON_NAME = AppIcon;
				CODE_SIGN_STYLE = Manual;
				DEVELOPMENT_TEAM = "";
				INFOPLIST_FILE = PhotoKitDemo/Info.plist;
				LD_RUNPATH_SEARCH_PATHS = "$(inherited) @executable_path/Frameworks";
				PRODUCT_BUNDLE_IDENTIFIER = com.yate.PhotoKitDemo;
				PRODUCT_NAME = "$(TARGET_NAME)";
				PROVISIONING_PROFILE_SPECIFIER = "";
				SWIFT_VERSION = 4.0;
				TARGETED_DEVICE_FAMILY = "1,2";
			};
			name = Release;
		};
/* End XCBuildConfiguration section */

/* Begin XCConfigurationList section */
		D7F179BC1FDF881900402EDD /* Build configuration list for PBXProject "PhotoKitDemo" */ = {
			isa = XCConfigurationList;
			buildConfigurations = (
				D7F179D11FDF881900402EDD /* Debug */,
				D7F179D21FDF881900402EDD /* Release */,
			);
			defaultConfigurationIsVisible = 0;
			defaultConfigurationName = Release;
		};
		D7F179D31FDF881900402EDD /* Build configuration list for PBXNativeTarget "PhotoKitDemo" */ = {
			isa = XCConfigurationList;
			buildConfigurations = (
				D7F179D41FDF881900402EDD /* Debug */,
				D7F179D51FDF881900402EDD /* Release */,
			);
			defaultConfigurationIsVisible = 0;
			defaultConfigurationName = Release;
		};
/* End XCConfigurationList section */
	};
	rootObject = D7F179B91FDF881900402EDD /* Project object */;
}
