// !$*UTF8*$!
{
	archiveVersion = 1;
	classes = {
	};
	objectVersion = 46;
	objects = {

/* Begin PBXBuildFile section */
		5BB16D661EC0A20E00B538FD /* AppDelegate.swift in Sources */ = {isa = PBXBuildFile; fileRef = 5BB16D651EC0A20E00B538FD /* AppDelegate.swift */; };
		5BB16D681EC0A20E00B538FD /* ViewController.swift in Sources */ = {isa = PBXBuildFile; fileRef = 5BB16D671EC0A20E00B538FD /* ViewController.swift */; };
		5BB16D6B1EC0A20E00B538FD /* Main.storyboard in Resources */ = {isa = PBXBuildFile; fileRef = 5BB16D691EC0A20E00B538FD /* Main.storyboard */; };
		5BB16D6D1EC0A20E00B538FD /* Assets.xcassets in Resources */ = {isa = PBXBuildFile; fileRef = 5BB16D6C1EC0A20E00B538FD /* Assets.xcassets */; };
		5BB16D701EC0A20E00B538FD /* LaunchScreen.storyboard in Resources */ = {isa = PBXBuildFile; fileRef = 5BB16D6E1EC0A20E00B538FD /* LaunchScreen.storyboard */; };
/* End PBXBuildFile section */

/* Begin PBXFileReference section */
		5BB16D621EC0A20E00B538FD /* PhotoKitDemo.app */ = {isa = PBXFileReference; explicitFileType = wrapper.application; includeInIndex = 0; path = PhotoKitDemo.app; sourceTree = BUILT_PRODUCTS_DIR; };
		5BB16D651EC0A20E00B538FD /* AppDelegate.swift */ = {isa = PBXFileReference; lastKnownFileType = sourcecode.swift; path = AppDelegate.swift; sourceTree = "<group>"; };
		5BB16D671EC0A20E00B538FD /* ViewController.swift */ = {isa = PBXFileReference; lastKnownFileType = sourcecode.swift; path = ViewController.swift; sourceTree = "<group>"; };
		5BB16D6A1EC0A20E00B538FD /* Base */ = {isa = PBXFileReference; lastKnownFileType = file.storyboard; name = Base; path = Base.lproj/Main.storyboard; sourceTree = "<group>"; };
		5BB16D6C1EC0A20E00B538FD /* Assets.xcassets */ = {isa = PBXFileReference; lastKnownFileType = folder.assetcatalog; path = Assets.xcassets; sourceTree = "<group>"; };
		5BB16D6F1EC0A20E00B538FD /* Base */ = {isa = PBXFileReference; lastKnownFileType = file.storyboard; name = Base; path = Base.lproj/LaunchScreen.storyboard; sourceTree = "<group>"; };
		5BB16D711EC0A20E00B538FD /* Info.plist */ = {isa = PBXFileReference; lastKnownFileType = text.plist.xml; path = Info.plist; sourceTree = "<group>"; };
/* End PBXFileReference section */

/* Begin PBXFrameworksBuildPhase section */
		5BB16D5F1EC0A20E00B538FD /* Frameworks */ = {
			isa = PBXFrameworksBuildPhase;
			buildActionMask = 2147483647;
			files = (
			);
			runOnlyForDeploymentPostprocessing = 0;
		};
/* End PBXFrameworksBuildPhase section */

/* Begin PBXGroup section */
		5BB16D591EC0A20E00B538FD = {
			isa = PBXGroup;
			children = (
				5BB16D641EC0A20E00B538FD /* PhotoKitDemo */,
				5BB16D631EC0A20E00B538FD /* Products */,
			);
			sourceTree = "<group>";
		};
		5BB16D631EC0A20E00B538FD /* Products */ = {
			isa = PBXGroup;
			children = (
				5BB16D621EC0A20E00B538FD /* PhotoKitDemo.app */,
			);
			name = Products;
			sourceTree = "<group>";
		};
		5BB16D641EC0A20E00B538FD /* PhotoKitDemo */ = {
			isa = PBXGroup;
			children = (
				5BB16D651EC0A20E00B538FD /* AppDelegate.swift */,
				5BB16D671EC0A20E00B538FD /* ViewController.swift */,
				5BB16D691EC0A20E00B538FD /* Main.storyboard */,
				5BB16D6C1EC0A20E00B538FD /* Assets.xcassets */,
				5BB16D6E1EC0A20E00B538FD /* LaunchScreen.storyboard */,
				5BB16D711EC0A20E00B538FD /* Info.plist */,
			);
			path = PhotoKitDemo;
			sourceTree = "<group>";
		};
/* End PBXGroup section */

/* Begin PBXNativeTarget section */
		5BB16D611EC0A20E00B538FD /* PhotoKitDemo */ = {
			isa = PBXNativeTarget;
			buildConfigurationList = 5BB16D741EC0A20E00B538FD /* Build configuration list for PBXNativeTarget "PhotoKitDemo" */;
			buildPhases = (
				5BB16D5E1EC0A20E00B538FD /* Sources */,
				5BB16D5F1EC0A20E00B538FD /* Frameworks */,
				5BB16D601EC0A20E00B538FD /* Resources */,
			);
			buildRules = (
			);
			dependencies = (
			);
			name = PhotoKitDemo;
			productName = PhotoKitDemo;
			productReference = 5BB16D621EC0A20E00B538FD /* PhotoKitDemo.app */;
			productType = "com.apple.product-type.application";
		};
/* End PBXNativeTarget section */

/* Begin PBXProject section */
		5BB16D5A1EC0A20E00B538FD /* Project object */ = {
			isa = PBXProject;
			attributes = {
				LastSwiftUpdateCheck = 0820;
				LastUpgradeCheck = 0820;
				ORGANIZATIONNAME = Chensh;
				TargetAttributes = {
					5BB16D611EC0A20E00B538FD = {
						CreatedOnToolsVersion = 8.2.1;
						DevelopmentTeam = P68334AC4C;
						ProvisioningStyle = Automatic;
					};
				};
			};
			buildConfigurationList = 5BB16D5D1EC0A20E00B538FD /* Build configuration list for PBXProject "PhotoKitDemo" */;
			compatibilityVersion = "Xcode 3.2";
			developmentRegion = English;
			hasScannedForEncodings = 0;
			knownRegions = (
				en,
				Base,
			);
			mainGroup = 5BB16D591EC0A20E00B538FD;
			productRefGroup = 5BB16D631EC0A20E00B538FD /* Products */;
			projectDirPath = "";
			projectRoot = "";
			targets = (
				5BB16D611EC0A20E00B538FD /* PhotoKitDemo */,
			);
		};
/* End PBXProject section */

/* Begin PBXResourcesBuildPhase section */
		5BB16D601EC0A20E00B538FD /* Resources */ = {
			isa = PBXResourcesBuildPhase;
			buildActionMask = 2147483647;
			files = (
				5BB16D701EC0A20E00B538FD /* LaunchScreen.storyboard in Resources */,
				5BB16D6D1EC0A20E00B538FD /* Assets.xcassets in Resources */,
				5BB16D6B1EC0A20E00B538FD /* Main.storyboard in Resources */,
			);
			runOnlyForDeploymentPostprocessing = 0;
		};
/* End PBXResourcesBuildPhase section */

/* Begin PBXSourcesBuildPhase section */
		5BB16D5E1EC0A20E00B538FD /* Sources */ = {
			isa = PBXSourcesBuildPhase;
			buildActionMask = 2147483647;
			files = (
				5BB16D681EC0A20E00B538FD /* ViewController.swift in Sources */,
				5BB16D661EC0A20E00B538FD /* AppDelegate.swift in Sources */,
			);
			runOnlyForDeploymentPostprocessing = 0;
		};
/* End PBXSourcesBuildPhase section */

/* Begin PBXVariantGroup section */
		5BB16D691EC0A20E00B538FD /* Main.storyboard */ = {
			isa = PBXVariantGroup;
			children = (
				5BB16D6A1EC0A20E00B538FD /* Base */,
			);
			name = Main.storyboard;
			sourceTree = "<group>";
		};
		5BB16D6E1EC0A20E00B538FD /* LaunchScreen.storyboard */ = {
			isa = PBXVariantGroup;
			children = (
				5BB16D6F1EC0A20E00B538FD /* Base */,
			);
			name = LaunchScreen.storyboard;
			sourceTree = "<group>";
		};
/* End PBXVariantGroup section */

/* Begin XCBuildConfiguration section */
		5BB16D721EC0A20E00B538FD /* Debug */ = {
			isa = XCBuildConfiguration;
			buildSettings = {
				ALWAYS_SEARCH_USER_PATHS = NO;
				CLANG_ANALYZER_NONNULL = YES;
				CLANG_CXX_LANGUAGE_STANDARD = "gnu++0x";
				CLANG_CXX_LIBRARY = "libc++";
				CLANG_ENABLE_MODULES = YES;
				CLANG_ENABLE_OBJC_ARC = YES;
				CLANG_WARN_BOOL_CONVERSION = YES;
				CLANG_WARN_CONSTANT_CONVERSION = YES;
				CLANG_WARN_DIRECT_OBJC_ISA_USAGE = YES_ERROR;
				CLANG_WARN_DOCUMENTATION_COMMENTS = YES;
				CLANG_WARN_EMPTY_BODY = YES;
				CLANG_WARN_ENUM_CONVERSION = YES;
				CLANG_WARN_INFINITE_RECURSION = YES;
				CLANG_WARN_INT_CONVERSION = YES;
				CLANG_WARN_OBJC_ROOT_CLASS = YES_ERROR;
				CLANG_WARN_SUSPICIOUS_MOVE = YES;
				CLANG_WARN_UNREACHABLE_CODE = YES;
				CLANG_WARN__DUPLICATE_METHOD_MATCH = YES;
				"CODE_SIGN_IDENTITY[sdk=iphoneos*]" = "iPhone Developer";
				COPY_PHASE_STRIP = NO;
				DEBUG_INFORMATION_FORMAT = dwarf;
				ENABLE_STRICT_OBJC_MSGSEND = YES;
				ENABLE_TESTABILITY = YES;
				GCC_C_LANGUAGE_STANDARD = gnu99;
				GCC_DYNAMIC_NO_PIC = NO;
				GCC_NO_COMMON_BLOCKS = YES;
				GCC_OPTIMIZATION_LEVEL = 0;
				GCC_PREPROCESSOR_DEFINITIONS = (
					"DEBUG=1",
					"$(inherited)",
				);
				GCC_WARN_64_TO_32_BIT_CONVERSION = YES;
				GCC_WARN_ABOUT_RETURN_TYPE = YES_ERROR;
				GCC_WARN_UNDECLARED_SELECTOR = YES;
				GCC_WARN_UNINITIALIZED_AUTOS = YES_AGGRESSIVE;
				GCC_WARN_UNUSED_FUNCTION = YES;
				GCC_WARN_UNUSED_VARIABLE = YES;
				IPHONEOS_DEPLOYMENT_TARGET = 10.2;
				MTL_ENABLE_DEBUG_INFO = YES;
				ONLY_ACTIVE_ARCH = YES;
				SDKROOT = iphoneos;
				SWIFT_ACTIVE_COMPILATION_CONDITIONS = DEBUG;
				SWIFT_OPTIMIZATION_LEVEL = "-Onone";
				TARGETED_DEVICE_FAMILY = "1,2";
			};
			name = Debug;
		};
		5BB16D731EC0A20E00B538FD /* Release */ = {
			isa = XCBuildConfiguration;
			buildSettings = {
				ALWAYS_SEARCH_USER_PATHS = NO;
				CLANG_ANALYZER_NONNULL = YES;
				CLANG_CXX_LANGUAGE_STANDARD = "gnu++0x";
				CLANG_CXX_LIBRARY = "libc++";
				CLANG_ENABLE_MODULES = YES;
				CLANG_ENABLE_OBJC_ARC = YES;
				CLANG_WARN_BOOL_CONVERSION = YES;
				CLANG_WARN_CONSTANT_CONVERSION = YES;
				CLANG_WARN_DIRECT_OBJC_ISA_USAGE = YES_ERROR;
				CLANG_WARN_DOCUMENTATION_COMMENTS = YES;
				CLANG_WARN_EMPTY_BODY = YES;
				CLANG_WARN_ENUM_CONVERSION = YES;
				CLANG_WARN_INFINITE_RECURSION = YES;
				CLANG_WARN_INT_CONVERSION = YES;
				CLANG_WARN_OBJC_ROOT_CLASS = YES_ERROR;
				CLANG_WARN_SUSPICIOUS_MOVE = YES;
				CLANG_WARN_UNREACHABLE_CODE = YES;
				CLANG_WARN__DUPLICATE_METHOD_MATCH = YES;
				"CODE_SIGN_IDENTITY[sdk=iphoneos*]" = "iPhone Developer";
				COPY_PHASE_STRIP = NO;
				DEBUG_INFORMATION_FORMAT = "dwarf-with-dsym";
				ENABLE_NS_ASSERTIONS = NO;
				ENABLE_STRICT_OBJC_MSGSEND = YES;
				GCC_C_LANGUAGE_STANDARD = gnu99;
				GCC_NO_COMMON_BLOCKS = YES;
				GCC_WARN_64_TO_32_BIT_CONVERSION = YES;
				GCC_WARN_ABOUT_RETURN_TYPE = YES_ERROR;
				GCC_WARN_UNDECLARED_SELECTOR = YES;
				GCC_WARN_UNINITIALIZED_AUTOS = YES_AGGRESSIVE;
				GCC_WARN_UNUSED_FUNCTION = YES;
				GCC_WARN_UNUSED_VARIABLE = YES;
				IPHONEOS_DEPLOYMENT_TARGET = 10.2;
				MTL_ENABLE_DEBUG_INFO = NO;
				SDKROOT = iphoneos;
				SWIFT_OPTIMIZATION_LEVEL = "-Owholemodule";
				TARGETED_DEVICE_FAMILY = "1,2";
				VALIDATE_PRODUCT = YES;
			};
			name = Release;
		};
		5BB16D751EC0A20E00B538FD /* Debug */ = {
			isa = XCBuildConfiguration;
			buildSettings = {
				ASSETCATALOG_COMPILER_APPICON_NAME = AppIcon;
				DEVELOPMENT_TEAM = P68334AC4C;
				INFOPLIST_FILE = PhotoKitDemo/Info.plist;
				LD_RUNPATH_SEARCH_PATHS = "$(inherited) @executable_path/Frameworks";
				PRODUCT_BUNDLE_IDENTIFIER = com.yate.PhotoKitDemo;
				PRODUCT_NAME = "$(TARGET_NAME)";
				SWIFT_VERSION = 3.0;
			};
			name = Debug;
		};
		5BB16D761EC0A20E00B538FD /* Release */ = {
			isa = XCBuildConfiguration;
			buildSettings = {
				ASSETCATALOG_COMPILER_APPICON_NAME = AppIcon;
				DEVELOPMENT_TEAM = P68334AC4C;
				INFOPLIST_FILE = PhotoKitDemo/Info.plist;
				LD_RUNPATH_SEARCH_PATHS = "$(inherited) @executable_path/Frameworks";
				PRODUCT_BUNDLE_IDENTIFIER = com.yate.PhotoKitDemo;
				PRODUCT_NAME = "$(TARGET_NAME)";
				SWIFT_VERSION = 3.0;
			};
			name = Release;
		};
/* End XCBuildConfiguration section */

/* Begin XCConfigurationList section */
		5BB16D5D1EC0A20E00B538FD /* Build configuration list for PBXProject "PhotoKitDemo" */ = {
			isa = XCConfigurationList;
			buildConfigurations = (
				5BB16D721EC0A20E00B538FD /* Debug */,
				5BB16D731EC0A20E00B538FD /* Release */,
			);
			defaultConfigurationIsVisible = 0;
			defaultConfigurationName = Release;
		};
		5BB16D741EC0A20E00B538FD /* Build configuration list for PBXNativeTarget "PhotoKitDemo" */ = {
			isa = XCConfigurationList;
			buildConfigurations = (
				5BB16D751EC0A20E00B538FD /* Debug */,
				5BB16D761EC0A20E00B538FD /* Release */,
			);
			defaultConfigurationIsVisible = 0;
		};
/* End XCConfigurationList section */
	};
	rootObject = 5BB16D5A1EC0A20E00B538FD /* Project object */;
}
